
Microsoft Visual Studio Solution File, Format Version 12.00
# Visual Studio Version 17
VisualStudioVersion = 17.10.34928.147
MinimumVisualStudioVersion = 10.0.40219.1
Project("{FAE04EC0-301F-11D3-BF4B-00C04F79EFBC}") = "MinecraftServerService", "MinecraftServerService.csproj", "{8DAB4E11-5DB0-4A13-8057-373B7AA0FE99}"
EndProject
Global
	GlobalSection(SolutionConfigurationPlatforms) = preSolution
		Debug|Any CPU = Debug|Any CPU
		Release|Any CPU = Release|Any CPU
	EndGlobalSection
	GlobalSection(ProjectConfigurationPlatforms) = postSolution
		{8DAB4E11-5DB0-4A13-8057-373B7AA0FE99}.Debug|Any CPU.ActiveCfg = Debug|Any CPU
		{8DAB4E11-5DB0-4A13-8057-373B7AA0FE99}.Debug|Any CPU.Build.0 = Debug|Any CPU
		{8DAB4E11-5DB0-4A13-8057-373B7AA0FE99}.Release|Any CPU.ActiveCfg = Release|Any CPU
		{8DAB4E11-5DB0-4A13-8057-373B7AA0FE99}.Release|Any CPU.Build.0 = Release|Any CPU
	EndGlobalSection
	GlobalSection(SolutionProperties) = preSolution
		HideSolutionNode = FALSE
	EndGlobalSection
	GlobalSection(ExtensibilityGlobals) = postSolution
		SolutionGuid = {9D3DA805-604F-408C-94A2-18E34C8ED60F}
	EndGlobalSection
EndGlobal
